
Microsoft Visual Studio Solution File, Format Version 12.00
# Visual Studio 2012
Project("{FAE04EC0-301F-11D3-BF4B-00C04F79EFBC}") = "demoo", "demoo\demoo.csproj", "{35A39BD4-9F86-4221-B35D-594D18885923}"
EndProject
Global
	GlobalSection(SolutionConfigurationPlatforms) = preSolution
		Debug|Any CPU = Debug|Any CPU
		Release|Any CPU = Release|Any CPU
	EndGlobalSection
	GlobalSection(ProjectConfigurationPlatforms) = postSolution
		{35A39BD4-9F86-4221-B35D-594D18885923}.Debug|Any CPU.ActiveCfg = Debug|Any CPU
		{35A39BD4-9F86-4221-B35D-594D18885923}.Debug|Any CPU.Build.0 = Debug|Any CPU
		{35A39BD4-9F86-4221-B35D-594D18885923}.Release|Any CPU.ActiveCfg = Release|Any CPU
		{35A39BD4-9F86-4221-B35D-594D18885923}.Release|Any CPU.Build.0 = Release|Any CPU
	EndGlobalSection
	GlobalSection(SolutionProperties) = preSolution
		HideSolutionNode = FALSE
	EndGlobalSection
EndGlobal
